
Microsoft Visual Studio Solution File, Format Version 12.00
# Visual Studio Version 17
VisualStudioVersion = 17.5.002.0
MinimumVisualStudioVersion = 10.0.40219.1
Project("{9A19103F-16F7-4668-BE54-9A1E7A4F7556}") = "passwordValidator", "passwordValidator.csproj", "{7A3C2D37-E887-4F84-AF7B-9F577E56996A}"
EndProject
Global
	GlobalSection(SolutionConfigurationPlatforms) = preSolution
		Debug|Any CPU = Debug|Any CPU
		Release|Any CPU = Release|Any CPU
	EndGlobalSection
	GlobalSection(ProjectConfigurationPlatforms) = postSolution
		{7A3C2D37-E887-4F84-AF7B-9F577E56996A}.Debug|Any CPU.ActiveCfg = Debug|Any CPU
		{7A3C2D37-E887-4F84-AF7B-9F577E56996A}.Debug|Any CPU.Build.0 = Debug|Any CPU
		{7A3C2D37-E887-4F84-AF7B-9F577E56996A}.Release|Any CPU.ActiveCfg = Release|Any CPU
		{7A3C2D37-E887-4F84-AF7B-9F577E56996A}.Release|Any CPU.Build.0 = Release|Any CPU
	EndGlobalSection
	GlobalSection(SolutionProperties) = preSolution
		HideSolutionNode = FALSE
	EndGlobalSection
	GlobalSection(ExtensibilityGlobals) = postSolution
		SolutionGuid = {5B219FC6-B270-4887-AB8F-AD5139CF14A4}
	EndGlobalSection
EndGlobal
